
Microsoft Visual Studio Solution File, Format Version 12.00
# Visual Studio Version 16
VisualStudioVersion = 16.0.33130.400
MinimumVisualStudioVersion = 10.0.40219.1
Project("{FAE04EC0-301F-11D3-BF4B-00C04F79EFBC}") = "PointCloudConverterApp", "PointCloudConverterApp\PointCloudConverterApp.csproj", "{C12B3E79-3B76-4B3D-9ABA-E9919119C676}"
EndProject
Global
	GlobalSection(SolutionConfigurationPlatforms) = preSolution
		Debug|Any CPU = Debug|Any CPU
		Debug|x64 = Debug|x64
		Release|Any CPU = Release|Any CPU
		Release|x64 = Release|x64
	EndGlobalSection
	GlobalSection(ProjectConfigurationPlatforms) = postSolution
		{C12B3E79-3B76-4B3D-9ABA-E9919119C676}.Debug|Any CPU.ActiveCfg = Release|Any CPU
		{C12B3E79-3B76-4B3D-9ABA-E9919119C676}.Debug|Any CPU.Build.0 = Release|Any CPU
		{C12B3E79-3B76-4B3D-9ABA-E9919119C676}.Debug|x64.ActiveCfg = Debug|x64
		{C12B3E79-3B76-4B3D-9ABA-E9919119C676}.Debug|x64.Build.0 = Debug|x64
		{C12B3E79-3B76-4B3D-9ABA-E9919119C676}.Release|Any CPU.ActiveCfg = Release|Any CPU
		{C12B3E79-3B76-4B3D-9ABA-E9919119C676}.Release|Any CPU.Build.0 = Release|Any CPU
		{C12B3E79-3B76-4B3D-9ABA-E9919119C676}.Release|x64.ActiveCfg = Release|x64
		{C12B3E79-3B76-4B3D-9ABA-E9919119C676}.Release|x64.Build.0 = Release|x64
	EndGlobalSection
	GlobalSection(SolutionProperties) = preSolution
		HideSolutionNode = FALSE
	EndGlobalSection
	GlobalSection(ExtensibilityGlobals) = postSolution
		SolutionGuid = {8D393F37-0913-432A-B8E6-EBD9B9DFBFA4}
	EndGlobalSection
EndGlobal
